
Microsoft Visual Studio Solution File, Format Version 12.00
# Visual Studio Version 16
VisualStudioVersion = 16.0.31613.86
MinimumVisualStudioVersion = 10.0.40219.1
Project("{FAE04EC0-301F-11D3-BF4B-00C04F79EFBC}") = "ConsoleApp4", "ConsoleApp4.csproj", "{ABCA0993-61DA-432F-8A4B-45B2EC0E2929}"
EndProject
Project("{FAE04EC0-301F-11D3-BF4B-00C04F79EFBC}") = "ConsoleApp4Tests", "..\ConsoleApp4Tests\ConsoleApp4Tests.csproj", "{0BEDE70D-575D-4B5A-9F87-C59FE1B800D7}"
EndProject
Global
	GlobalSection(SolutionConfigurationPlatforms) = preSolution
		Debug|Any CPU = Debug|Any CPU
		Release|Any CPU = Release|Any CPU
	EndGlobalSection
	GlobalSection(ProjectConfigurationPlatforms) = postSolution
		{ABCA0993-61DA-432F-8A4B-45B2EC0E2929}.Debug|Any CPU.ActiveCfg = Debug|Any CPU
		{ABCA0993-61DA-432F-8A4B-45B2EC0E2929}.Debug|Any CPU.Build.0 = Debug|Any CPU
		{ABCA0993-61DA-432F-8A4B-45B2EC0E2929}.Release|Any CPU.ActiveCfg = Release|Any CPU
		{ABCA0993-61DA-432F-8A4B-45B2EC0E2929}.Release|Any CPU.Build.0 = Release|Any CPU
		{0BEDE70D-575D-4B5A-9F87-C59FE1B800D7}.Debug|Any CPU.ActiveCfg = Debug|Any CPU
		{0BEDE70D-575D-4B5A-9F87-C59FE1B800D7}.Debug|Any CPU.Build.0 = Debug|Any CPU
		{0BEDE70D-575D-4B5A-9F87-C59FE1B800D7}.Release|Any CPU.ActiveCfg = Release|Any CPU
		{0BEDE70D-575D-4B5A-9F87-C59FE1B800D7}.Release|Any CPU.Build.0 = Release|Any CPU
	EndGlobalSection
	GlobalSection(SolutionProperties) = preSolution
		HideSolutionNode = FALSE
	EndGlobalSection
	GlobalSection(ExtensibilityGlobals) = postSolution
		SolutionGuid = {554AF178-3289-43EE-ACB5-C566B5FA81F4}
	EndGlobalSection
EndGlobal
